
Microsoft Visual Studio Solution File, Format Version 12.00
# Visual Studio Version 16
VisualStudioVersion = 16.0.29728.190
MinimumVisualStudioVersion = 10.0.40219.1
Project("{FAE04EC0-301F-11D3-BF4B-00C04F79EFBC}") = "Nullable Type", "Nullable Type\Nullable Type.csproj", "{FECF1567-CC8A-42DC-A665-18FAA1A0F00B}"
EndProject
Global
	GlobalSection(SolutionConfigurationPlatforms) = preSolution
		Debug|Any CPU = Debug|Any CPU
		Release|Any CPU = Release|Any CPU
	EndGlobalSection
	GlobalSection(ProjectConfigurationPlatforms) = postSolution
		{FECF1567-CC8A-42DC-A665-18FAA1A0F00B}.Debug|Any CPU.ActiveCfg = Debug|Any CPU
		{FECF1567-CC8A-42DC-A665-18FAA1A0F00B}.Debug|Any CPU.Build.0 = Debug|Any CPU
		{FECF1567-CC8A-42DC-A665-18FAA1A0F00B}.Release|Any CPU.ActiveCfg = Release|Any CPU
		{FECF1567-CC8A-42DC-A665-18FAA1A0F00B}.Release|Any CPU.Build.0 = Release|Any CPU
	EndGlobalSection
	GlobalSection(SolutionProperties) = preSolution
		HideSolutionNode = FALSE
	EndGlobalSection
	GlobalSection(ExtensibilityGlobals) = postSolution
		SolutionGuid = {8E32AE53-8CBF-46C4-8C39-419BCC3F33E7}
	EndGlobalSection
EndGlobal
